
Microsoft Visual Studio Solution File, Format Version 12.00
# Visual Studio 15
VisualStudioVersion = 15.0.28307.136
MinimumVisualStudioVersion = 10.0.40219.1
Project("{FAE04EC0-301F-11D3-BF4B-00C04F79EFBC}") = "AspMvcKit", "AspMvcKit\AspMvcKit.csproj", "{636BA006-62A4-47A3-9ACE-4D69F2C89A9A}"
EndProject
Project("{FAE04EC0-301F-11D3-BF4B-00C04F79EFBC}") = "AspMvcKit.Tests", "AspMvcKit.Tests\AspMvcKit.Tests.csproj", "{4C354CE6-ECD0-457D-A6F4-8AEB370BF7DD}"
EndProject
Global
	GlobalSection(SolutionConfigurationPlatforms) = preSolution
		Debug|Any CPU = Debug|Any CPU
		Release|Any CPU = Release|Any CPU
	EndGlobalSection
	GlobalSection(ProjectConfigurationPlatforms) = postSolution
		{636BA006-62A4-47A3-9ACE-4D69F2C89A9A}.Debug|Any CPU.ActiveCfg = Debug|Any CPU
		{636BA006-62A4-47A3-9ACE-4D69F2C89A9A}.Debug|Any CPU.Build.0 = Debug|Any CPU
		{636BA006-62A4-47A3-9ACE-4D69F2C89A9A}.Release|Any CPU.ActiveCfg = Release|Any CPU
		{636BA006-62A4-47A3-9ACE-4D69F2C89A9A}.Release|Any CPU.Build.0 = Release|Any CPU
		{4C354CE6-ECD0-457D-A6F4-8AEB370BF7DD}.Debug|Any CPU.ActiveCfg = Debug|Any CPU
		{4C354CE6-ECD0-457D-A6F4-8AEB370BF7DD}.Debug|Any CPU.Build.0 = Debug|Any CPU
		{4C354CE6-ECD0-457D-A6F4-8AEB370BF7DD}.Release|Any CPU.ActiveCfg = Release|Any CPU
		{4C354CE6-ECD0-457D-A6F4-8AEB370BF7DD}.Release|Any CPU.Build.0 = Release|Any CPU
	EndGlobalSection
	GlobalSection(SolutionProperties) = preSolution
		HideSolutionNode = FALSE
	EndGlobalSection
	GlobalSection(ExtensibilityGlobals) = postSolution
		SolutionGuid = {C8FCAED8-F971-4649-AD87-F4EE28395F09}
	EndGlobalSection
EndGlobal
